
Microsoft Visual Studio Solution File, Format Version 12.00
# Visual Studio Version 17
VisualStudioVersion = 17.6.33801.468
MinimumVisualStudioVersion = 10.0.40219.1
Project("{9A19103F-16F7-4668-BE54-9A1E7A4F7556}") = "BlazorEcommerce.Server", "BlazorEcommerce\Server\BlazorEcommerce.Server.csproj", "{5F61628C-5CCF-4047-B7C5-3DEE76288EED}"
EndProject
Project("{9A19103F-16F7-4668-BE54-9A1E7A4F7556}") = "BlazorEcommerce.Client", "BlazorEcommerce\Client\BlazorEcommerce.Client.csproj", "{B18D7F1A-CE9E-49CE-8A46-5C797DABA409}"
EndProject
Project("{9A19103F-16F7-4668-BE54-9A1E7A4F7556}") = "BlazorEcommerce.Shared", "BlazorEcommerce\Shared\BlazorEcommerce.Shared.csproj", "{60184102-3DA8-4A94-80E7-437C762C6DA4}"
EndProject
Global
	GlobalSection(SolutionConfigurationPlatforms) = preSolution
		Debug|Any CPU = Debug|Any CPU
		Release|Any CPU = Release|Any CPU
	EndGlobalSection
	GlobalSection(ProjectConfigurationPlatforms) = postSolution
		{5F61628C-5CCF-4047-B7C5-3DEE76288EED}.Debug|Any CPU.ActiveCfg = Debug|Any CPU
		{5F61628C-5CCF-4047-B7C5-3DEE76288EED}.Debug|Any CPU.Build.0 = Debug|Any CPU
		{5F61628C-5CCF-4047-B7C5-3DEE76288EED}.Release|Any CPU.ActiveCfg = Release|Any CPU
		{5F61628C-5CCF-4047-B7C5-3DEE76288EED}.Release|Any CPU.Build.0 = Release|Any CPU
		{B18D7F1A-CE9E-49CE-8A46-5C797DABA409}.Debug|Any CPU.ActiveCfg = Debug|Any CPU
		{B18D7F1A-CE9E-49CE-8A46-5C797DABA409}.Debug|Any CPU.Build.0 = Debug|Any CPU
		{B18D7F1A-CE9E-49CE-8A46-5C797DABA409}.Release|Any CPU.ActiveCfg = Release|Any CPU
		{B18D7F1A-CE9E-49CE-8A46-5C797DABA409}.Release|Any CPU.Build.0 = Release|Any CPU
		{60184102-3DA8-4A94-80E7-437C762C6DA4}.Debug|Any CPU.ActiveCfg = Debug|Any CPU
		{60184102-3DA8-4A94-80E7-437C762C6DA4}.Debug|Any CPU.Build.0 = Debug|Any CPU
		{60184102-3DA8-4A94-80E7-437C762C6DA4}.Release|Any CPU.ActiveCfg = Release|Any CPU
		{60184102-3DA8-4A94-80E7-437C762C6DA4}.Release|Any CPU.Build.0 = Release|Any CPU
	EndGlobalSection
	GlobalSection(SolutionProperties) = preSolution
		HideSolutionNode = FALSE
	EndGlobalSection
	GlobalSection(ExtensibilityGlobals) = postSolution
		SolutionGuid = {757A60BB-67A2-4405-AAC1-4B2FBA0BC410}
	EndGlobalSection
EndGlobal
